
Microsoft Visual Studio Solution File, Format Version 11.00
# Visual Studio 2010
Project("{FAE04EC0-301F-11D3-BF4B-00C04F79EFBC}") = "My_EventBot_ßy_Mehmet_Yıldız_ML", "CrackedVsroEfsane.csproj", "{75CC784F-D0F8-4E9E-AF62-952CC4C9C36B}"
EndProject
Global
	GlobalSection(SolutionConfigurationPlatforms) = preSolution
		Debug|Any CPU = Debug|Any CPU
		Release|Any CPU = Release|Any CPU
	EndGlobalSection
	GlobalSection(ProjectConfigurationPlatforms) = postSolution
		{75CC784F-D0F8-4E9E-AF62-952CC4C9C36B}.Debug|Any CPU.ActiveCfg = Debug|Any CPU
		{75CC784F-D0F8-4E9E-AF62-952CC4C9C36B}.Debug|Any CPU.Build.0 = Debug|Any CPU
		{75CC784F-D0F8-4E9E-AF62-952CC4C9C36B}.Release|Any CPU.ActiveCfg = Release|Any CPU
		{75CC784F-D0F8-4E9E-AF62-952CC4C9C36B}.Release|Any CPU.Build.0 = Release|Any CPU
	EndGlobalSection
	GlobalSection(SolutionProperties) = preSolution
		HideSolutionNode = FALSE
	EndGlobalSection
EndGlobal
